
Microsoft Visual Studio Solution File, Format Version 12.00
# Visual Studio Version 16
VisualStudioVersion = 16.0.30711.63
MinimumVisualStudioVersion = 15.0.26124.0
Project("{9A19103F-16F7-4668-BE54-9A1E7A4F7556}") = "MyProject.Common", "src\MyProject.Common\MyProject.Common.csproj", "{357A11FC-B451-44AD-BA46-657E7ACB6A2F}"
EndProject
Project("{9A19103F-16F7-4668-BE54-9A1E7A4F7556}") = "MyProject.Frontend", "src\MyProject.Frontend\MyProject.Frontend.csproj", "{5C1FAA5F-D823-46CF-BE0B-7B2AE88BF71F}"
EndProject
Project("{9A19103F-16F7-4668-BE54-9A1E7A4F7556}") = "MyProject.Backend", "src\MyProject.Backend\MyProject.Backend.csproj", "{0EBB6C9B-EBE1-48B6-B20C-3B3F45316CC0}"
EndProject
Project("{9A19103F-16F7-4668-BE54-9A1E7A4F7556}") = "MyProject.WebAssembly", "src\MyProject.WebAssembly\MyProject.WebAssembly.csproj", "{F1644685-CA95-4DC0-AC0F-1DE0BBCF2982}"
EndProject
Project("{9A19103F-16F7-4668-BE54-9A1E7A4F7556}") = "MyProject.BlazorHost", "src\MyProject.BlazorHost\MyProject.BlazorHost.csproj", "{4042658E-A5F4-4080-AAB3-0F2CE28CF592}"
EndProject
Project("{9A19103F-16F7-4668-BE54-9A1E7A4F7556}") = "MyProject.Backend.Controller", "src\MyProject.Backend.Controller\MyProject.Backend.Controller.csproj", "{3C184F28-3A38-499E-99F8-C7039C387E22}"
EndProject
Project("{9A19103F-16F7-4668-BE54-9A1E7A4F7556}") = "MyProject.Backend.Client", "src\MyProject.Backend.Client\MyProject.Backend.Client.csproj", "{2EA521B9-2622-4039-BD6B-B6CD4F40E80F}"
EndProject
Project("{9A19103F-16F7-4668-BE54-9A1E7A4F7556}") = "MyProject.ApiHost", "src\MyProject.ApiHost\MyProject.ApiHost.csproj", "{47DEE87A-BABD-4CED-998E-768060E2C6E8}"
EndProject
Project("{2150E333-8FDC-42A3-9474-1A3956D46DE8}") = "Tests", "Tests", "{E6C2A498-DB25-491C-8452-64E9FCB4C1F0}"
EndProject
Project("{9A19103F-16F7-4668-BE54-9A1E7A4F7556}") = "MyProject.Frontend.Tests", "tst\MyProject.Frontend.Tests\MyProject.Frontend.Tests.csproj", "{CFB55BD0-9144-46B7-91E8-A2FBADD2A463}"
EndProject
Project("{9A19103F-16F7-4668-BE54-9A1E7A4F7556}") = "MyProject.Backend.Tests", "tst\MyProject.Backend.Tests\MyProject.Backend.Tests.csproj", "{9DDD5342-5F3F-49E5-8027-F60CBF161262}"
EndProject
Project("{9A19103F-16F7-4668-BE54-9A1E7A4F7556}") = "MyProject.Backend.Controller.Tests", "tst\MyProject.Backend.Controller.Tests\MyProject.Backend.Controller.Tests.csproj", "{60AD4EC9-878E-4A4B-B6A2-79296D7A64EF}"
EndProject
Project("{2150E333-8FDC-42A3-9474-1A3956D46DE8}") = "Hosts", "Hosts", "{B584F5E5-50F2-45C5-9F70-26992D3A21D1}"
EndProject
Project("{2150E333-8FDC-42A3-9474-1A3956D46DE8}") = "WebApi", "WebApi", "{ED0133C9-16AC-4781-B309-506911710709}"
EndProject
Global
	GlobalSection(SolutionConfigurationPlatforms) = preSolution
		Debug|Any CPU = Debug|Any CPU
		Debug|x64 = Debug|x64
		Debug|x86 = Debug|x86
		Release|Any CPU = Release|Any CPU
		Release|x64 = Release|x64
		Release|x86 = Release|x86
	EndGlobalSection
	GlobalSection(ProjectConfigurationPlatforms) = postSolution
		{357A11FC-B451-44AD-BA46-657E7ACB6A2F}.Debug|Any CPU.ActiveCfg = Debug|Any CPU
		{357A11FC-B451-44AD-BA46-657E7ACB6A2F}.Debug|Any CPU.Build.0 = Debug|Any CPU
		{357A11FC-B451-44AD-BA46-657E7ACB6A2F}.Debug|x64.ActiveCfg = Debug|Any CPU
		{357A11FC-B451-44AD-BA46-657E7ACB6A2F}.Debug|x64.Build.0 = Debug|Any CPU
		{357A11FC-B451-44AD-BA46-657E7ACB6A2F}.Debug|x86.ActiveCfg = Debug|Any CPU
		{357A11FC-B451-44AD-BA46-657E7ACB6A2F}.Debug|x86.Build.0 = Debug|Any CPU
		{357A11FC-B451-44AD-BA46-657E7ACB6A2F}.Release|Any CPU.ActiveCfg = Release|Any CPU
		{357A11FC-B451-44AD-BA46-657E7ACB6A2F}.Release|Any CPU.Build.0 = Release|Any CPU
		{357A11FC-B451-44AD-BA46-657E7ACB6A2F}.Release|x64.ActiveCfg = Release|Any CPU
		{357A11FC-B451-44AD-BA46-657E7ACB6A2F}.Release|x64.Build.0 = Release|Any CPU
		{357A11FC-B451-44AD-BA46-657E7ACB6A2F}.Release|x86.ActiveCfg = Release|Any CPU
		{357A11FC-B451-44AD-BA46-657E7ACB6A2F}.Release|x86.Build.0 = Release|Any CPU
		{5C1FAA5F-D823-46CF-BE0B-7B2AE88BF71F}.Debug|Any CPU.ActiveCfg = Debug|Any CPU
		{5C1FAA5F-D823-46CF-BE0B-7B2AE88BF71F}.Debug|Any CPU.Build.0 = Debug|Any CPU
		{5C1FAA5F-D823-46CF-BE0B-7B2AE88BF71F}.Debug|x64.ActiveCfg = Debug|Any CPU
		{5C1FAA5F-D823-46CF-BE0B-7B2AE88BF71F}.Debug|x64.Build.0 = Debug|Any CPU
		{5C1FAA5F-D823-46CF-BE0B-7B2AE88BF71F}.Debug|x86.ActiveCfg = Debug|Any CPU
		{5C1FAA5F-D823-46CF-BE0B-7B2AE88BF71F}.Debug|x86.Build.0 = Debug|Any CPU
		{5C1FAA5F-D823-46CF-BE0B-7B2AE88BF71F}.Release|Any CPU.ActiveCfg = Release|Any CPU
		{5C1FAA5F-D823-46CF-BE0B-7B2AE88BF71F}.Release|Any CPU.Build.0 = Release|Any CPU
		{5C1FAA5F-D823-46CF-BE0B-7B2AE88BF71F}.Release|x64.ActiveCfg = Release|Any CPU
		{5C1FAA5F-D823-46CF-BE0B-7B2AE88BF71F}.Release|x64.Build.0 = Release|Any CPU
		{5C1FAA5F-D823-46CF-BE0B-7B2AE88BF71F}.Release|x86.ActiveCfg = Release|Any CPU
		{5C1FAA5F-D823-46CF-BE0B-7B2AE88BF71F}.Release|x86.Build.0 = Release|Any CPU
		{0EBB6C9B-EBE1-48B6-B20C-3B3F45316CC0}.Debug|Any CPU.ActiveCfg = Debug|Any CPU
		{0EBB6C9B-EBE1-48B6-B20C-3B3F45316CC0}.Debug|Any CPU.Build.0 = Debug|Any CPU
		{0EBB6C9B-EBE1-48B6-B20C-3B3F45316CC0}.Debug|x64.ActiveCfg = Debug|Any CPU
		{0EBB6C9B-EBE1-48B6-B20C-3B3F45316CC0}.Debug|x64.Build.0 = Debug|Any CPU
		{0EBB6C9B-EBE1-48B6-B20C-3B3F45316CC0}.Debug|x86.ActiveCfg = Debug|Any CPU
		{0EBB6C9B-EBE1-48B6-B20C-3B3F45316CC0}.Debug|x86.Build.0 = Debug|Any CPU
		{0EBB6C9B-EBE1-48B6-B20C-3B3F45316CC0}.Release|Any CPU.ActiveCfg = Release|Any CPU
		{0EBB6C9B-EBE1-48B6-B20C-3B3F45316CC0}.Release|Any CPU.Build.0 = Release|Any CPU
		{0EBB6C9B-EBE1-48B6-B20C-3B3F45316CC0}.Release|x64.ActiveCfg = Release|Any CPU
		{0EBB6C9B-EBE1-48B6-B20C-3B3F45316CC0}.Release|x64.Build.0 = Release|Any CPU
		{0EBB6C9B-EBE1-48B6-B20C-3B3F45316CC0}.Release|x86.ActiveCfg = Release|Any CPU
		{0EBB6C9B-EBE1-48B6-B20C-3B3F45316CC0}.Release|x86.Build.0 = Release|Any CPU
		{F1644685-CA95-4DC0-AC0F-1DE0BBCF2982}.Debug|Any CPU.ActiveCfg = Debug|Any CPU
		{F1644685-CA95-4DC0-AC0F-1DE0BBCF2982}.Debug|Any CPU.Build.0 = Debug|Any CPU
		{F1644685-CA95-4DC0-AC0F-1DE0BBCF2982}.Debug|x64.ActiveCfg = Debug|Any CPU
		{F1644685-CA95-4DC0-AC0F-1DE0BBCF2982}.Debug|x64.Build.0 = Debug|Any CPU
		{F1644685-CA95-4DC0-AC0F-1DE0BBCF2982}.Debug|x86.ActiveCfg = Debug|Any CPU
		{F1644685-CA95-4DC0-AC0F-1DE0BBCF2982}.Debug|x86.Build.0 = Debug|Any CPU
		{F1644685-CA95-4DC0-AC0F-1DE0BBCF2982}.Release|Any CPU.ActiveCfg = Release|Any CPU
		{F1644685-CA95-4DC0-AC0F-1DE0BBCF2982}.Release|Any CPU.Build.0 = Release|Any CPU
		{F1644685-CA95-4DC0-AC0F-1DE0BBCF2982}.Release|x64.ActiveCfg = Release|Any CPU
		{F1644685-CA95-4DC0-AC0F-1DE0BBCF2982}.Release|x64.Build.0 = Release|Any CPU
		{F1644685-CA95-4DC0-AC0F-1DE0BBCF2982}.Release|x86.ActiveCfg = Release|Any CPU
		{F1644685-CA95-4DC0-AC0F-1DE0BBCF2982}.Release|x86.Build.0 = Release|Any CPU
		{4042658E-A5F4-4080-AAB3-0F2CE28CF592}.Debug|Any CPU.ActiveCfg = Debug|Any CPU
		{4042658E-A5F4-4080-AAB3-0F2CE28CF592}.Debug|Any CPU.Build.0 = Debug|Any CPU
		{4042658E-A5F4-4080-AAB3-0F2CE28CF592}.Debug|x64.ActiveCfg = Debug|Any CPU
		{4042658E-A5F4-4080-AAB3-0F2CE28CF592}.Debug|x64.Build.0 = Debug|Any CPU
		{4042658E-A5F4-4080-AAB3-0F2CE28CF592}.Debug|x86.ActiveCfg = Debug|Any CPU
		{4042658E-A5F4-4080-AAB3-0F2CE28CF592}.Debug|x86.Build.0 = Debug|Any CPU
		{4042658E-A5F4-4080-AAB3-0F2CE28CF592}.Release|Any CPU.ActiveCfg = Release|Any CPU
		{4042658E-A5F4-4080-AAB3-0F2CE28CF592}.Release|Any CPU.Build.0 = Release|Any CPU
		{4042658E-A5F4-4080-AAB3-0F2CE28CF592}.Release|x64.ActiveCfg = Release|Any CPU
		{4042658E-A5F4-4080-AAB3-0F2CE28CF592}.Release|x64.Build.0 = Release|Any CPU
		{4042658E-A5F4-4080-AAB3-0F2CE28CF592}.Release|x86.ActiveCfg = Release|Any CPU
		{4042658E-A5F4-4080-AAB3-0F2CE28CF592}.Release|x86.Build.0 = Release|Any CPU
		{3C184F28-3A38-499E-99F8-C7039C387E22}.Debug|Any CPU.ActiveCfg = Debug|Any CPU
		{3C184F28-3A38-499E-99F8-C7039C387E22}.Debug|Any CPU.Build.0 = Debug|Any CPU
		{3C184F28-3A38-499E-99F8-C7039C387E22}.Debug|x64.ActiveCfg = Debug|Any CPU
		{3C184F28-3A38-499E-99F8-C7039C387E22}.Debug|x64.Build.0 = Debug|Any CPU
		{3C184F28-3A38-499E-99F8-C7039C387E22}.Debug|x86.ActiveCfg = Debug|Any CPU
		{3C184F28-3A38-499E-99F8-C7039C387E22}.Debug|x86.Build.0 = Debug|Any CPU
		{3C184F28-3A38-499E-99F8-C7039C387E22}.Release|Any CPU.ActiveCfg = Release|Any CPU
		{3C184F28-3A38-499E-99F8-C7039C387E22}.Release|Any CPU.Build.0 = Release|Any CPU
		{3C184F28-3A38-499E-99F8-C7039C387E22}.Release|x64.ActiveCfg = Release|Any CPU
		{3C184F28-3A38-499E-99F8-C7039C387E22}.Release|x64.Build.0 = Release|Any CPU
		{3C184F28-3A38-499E-99F8-C7039C387E22}.Release|x86.ActiveCfg = Release|Any CPU
		{3C184F28-3A38-499E-99F8-C7039C387E22}.Release|x86.Build.0 = Release|Any CPU
		{2EA521B9-2622-4039-BD6B-B6CD4F40E80F}.Debug|Any CPU.ActiveCfg = Debug|Any CPU
		{2EA521B9-2622-4039-BD6B-B6CD4F40E80F}.Debug|Any CPU.Build.0 = Debug|Any CPU
		{2EA521B9-2622-4039-BD6B-B6CD4F40E80F}.Debug|x64.ActiveCfg = Debug|Any CPU
		{2EA521B9-2622-4039-BD6B-B6CD4F40E80F}.Debug|x64.Build.0 = Debug|Any CPU
		{2EA521B9-2622-4039-BD6B-B6CD4F40E80F}.Debug|x86.ActiveCfg = Debug|Any CPU
		{2EA521B9-2622-4039-BD6B-B6CD4F40E80F}.Debug|x86.Build.0 = Debug|Any CPU
		{2EA521B9-2622-4039-BD6B-B6CD4F40E80F}.Release|Any CPU.ActiveCfg = Release|Any CPU
		{2EA521B9-2622-4039-BD6B-B6CD4F40E80F}.Release|Any CPU.Build.0 = Release|Any CPU
		{2EA521B9-2622-4039-BD6B-B6CD4F40E80F}.Release|x64.ActiveCfg = Release|Any CPU
		{2EA521B9-2622-4039-BD6B-B6CD4F40E80F}.Release|x64.Build.0 = Release|Any CPU
		{2EA521B9-2622-4039-BD6B-B6CD4F40E80F}.Release|x86.ActiveCfg = Release|Any CPU
		{2EA521B9-2622-4039-BD6B-B6CD4F40E80F}.Release|x86.Build.0 = Release|Any CPU
		{47DEE87A-BABD-4CED-998E-768060E2C6E8}.Debug|Any CPU.ActiveCfg = Debug|Any CPU
		{47DEE87A-BABD-4CED-998E-768060E2C6E8}.Debug|Any CPU.Build.0 = Debug|Any CPU
		{47DEE87A-BABD-4CED-998E-768060E2C6E8}.Debug|x64.ActiveCfg = Debug|Any CPU
		{47DEE87A-BABD-4CED-998E-768060E2C6E8}.Debug|x64.Build.0 = Debug|Any CPU
		{47DEE87A-BABD-4CED-998E-768060E2C6E8}.Debug|x86.ActiveCfg = Debug|Any CPU
		{47DEE87A-BABD-4CED-998E-768060E2C6E8}.Debug|x86.Build.0 = Debug|Any CPU
		{47DEE87A-BABD-4CED-998E-768060E2C6E8}.Release|Any CPU.ActiveCfg = Release|Any CPU
		{47DEE87A-BABD-4CED-998E-768060E2C6E8}.Release|Any CPU.Build.0 = Release|Any CPU
		{47DEE87A-BABD-4CED-998E-768060E2C6E8}.Release|x64.ActiveCfg = Release|Any CPU
		{47DEE87A-BABD-4CED-998E-768060E2C6E8}.Release|x64.Build.0 = Release|Any CPU
		{47DEE87A-BABD-4CED-998E-768060E2C6E8}.Release|x86.ActiveCfg = Release|Any CPU
		{47DEE87A-BABD-4CED-998E-768060E2C6E8}.Release|x86.Build.0 = Release|Any CPU
		{CFB55BD0-9144-46B7-91E8-A2FBADD2A463}.Debug|Any CPU.ActiveCfg = Debug|Any CPU
		{CFB55BD0-9144-46B7-91E8-A2FBADD2A463}.Debug|Any CPU.Build.0 = Debug|Any CPU
		{CFB55BD0-9144-46B7-91E8-A2FBADD2A463}.Debug|x64.ActiveCfg = Debug|Any CPU
		{CFB55BD0-9144-46B7-91E8-A2FBADD2A463}.Debug|x64.Build.0 = Debug|Any CPU
		{CFB55BD0-9144-46B7-91E8-A2FBADD2A463}.Debug|x86.ActiveCfg = Debug|Any CPU
		{CFB55BD0-9144-46B7-91E8-A2FBADD2A463}.Debug|x86.Build.0 = Debug|Any CPU
		{CFB55BD0-9144-46B7-91E8-A2FBADD2A463}.Release|Any CPU.ActiveCfg = Release|Any CPU
		{CFB55BD0-9144-46B7-91E8-A2FBADD2A463}.Release|Any CPU.Build.0 = Release|Any CPU
		{CFB55BD0-9144-46B7-91E8-A2FBADD2A463}.Release|x64.ActiveCfg = Release|Any CPU
		{CFB55BD0-9144-46B7-91E8-A2FBADD2A463}.Release|x64.Build.0 = Release|Any CPU
		{CFB55BD0-9144-46B7-91E8-A2FBADD2A463}.Release|x86.ActiveCfg = Release|Any CPU
		{CFB55BD0-9144-46B7-91E8-A2FBADD2A463}.Release|x86.Build.0 = Release|Any CPU
		{9DDD5342-5F3F-49E5-8027-F60CBF161262}.Debug|Any CPU.ActiveCfg = Debug|Any CPU
		{9DDD5342-5F3F-49E5-8027-F60CBF161262}.Debug|Any CPU.Build.0 = Debug|Any CPU
		{9DDD5342-5F3F-49E5-8027-F60CBF161262}.Debug|x64.ActiveCfg = Debug|Any CPU
		{9DDD5342-5F3F-49E5-8027-F60CBF161262}.Debug|x64.Build.0 = Debug|Any CPU
		{9DDD5342-5F3F-49E5-8027-F60CBF161262}.Debug|x86.ActiveCfg = Debug|Any CPU
		{9DDD5342-5F3F-49E5-8027-F60CBF161262}.Debug|x86.Build.0 = Debug|Any CPU
		{9DDD5342-5F3F-49E5-8027-F60CBF161262}.Release|Any CPU.ActiveCfg = Release|Any CPU
		{9DDD5342-5F3F-49E5-8027-F60CBF161262}.Release|Any CPU.Build.0 = Release|Any CPU
		{9DDD5342-5F3F-49E5-8027-F60CBF161262}.Release|x64.ActiveCfg = Release|Any CPU
		{9DDD5342-5F3F-49E5-8027-F60CBF161262}.Release|x64.Build.0 = Release|Any CPU
		{9DDD5342-5F3F-49E5-8027-F60CBF161262}.Release|x86.ActiveCfg = Release|Any CPU
		{9DDD5342-5F3F-49E5-8027-F60CBF161262}.Release|x86.Build.0 = Release|Any CPU
		{60AD4EC9-878E-4A4B-B6A2-79296D7A64EF}.Debug|Any CPU.ActiveCfg = Debug|Any CPU
		{60AD4EC9-878E-4A4B-B6A2-79296D7A64EF}.Debug|Any CPU.Build.0 = Debug|Any CPU
		{60AD4EC9-878E-4A4B-B6A2-79296D7A64EF}.Debug|x64.ActiveCfg = Debug|Any CPU
		{60AD4EC9-878E-4A4B-B6A2-79296D7A64EF}.Debug|x64.Build.0 = Debug|Any CPU
		{60AD4EC9-878E-4A4B-B6A2-79296D7A64EF}.Debug|x86.ActiveCfg = Debug|Any CPU
		{60AD4EC9-878E-4A4B-B6A2-79296D7A64EF}.Debug|x86.Build.0 = Debug|Any CPU
		{60AD4EC9-878E-4A4B-B6A2-79296D7A64EF}.Release|Any CPU.ActiveCfg = Release|Any CPU
		{60AD4EC9-878E-4A4B-B6A2-79296D7A64EF}.Release|Any CPU.Build.0 = Release|Any CPU
		{60AD4EC9-878E-4A4B-B6A2-79296D7A64EF}.Release|x64.ActiveCfg = Release|Any CPU
		{60AD4EC9-878E-4A4B-B6A2-79296D7A64EF}.Release|x64.Build.0 = Release|Any CPU
		{60AD4EC9-878E-4A4B-B6A2-79296D7A64EF}.Release|x86.ActiveCfg = Release|Any CPU
		{60AD4EC9-878E-4A4B-B6A2-79296D7A64EF}.Release|x86.Build.0 = Release|Any CPU
	EndGlobalSection
	GlobalSection(SolutionProperties) = preSolution
		HideSolutionNode = FALSE
	EndGlobalSection
	GlobalSection(NestedProjects) = preSolution
		{F1644685-CA95-4DC0-AC0F-1DE0BBCF2982} = {B584F5E5-50F2-45C5-9F70-26992D3A21D1}
		{4042658E-A5F4-4080-AAB3-0F2CE28CF592} = {B584F5E5-50F2-45C5-9F70-26992D3A21D1}
		{3C184F28-3A38-499E-99F8-C7039C387E22} = {ED0133C9-16AC-4781-B309-506911710709}
		{2EA521B9-2622-4039-BD6B-B6CD4F40E80F} = {ED0133C9-16AC-4781-B309-506911710709}
		{47DEE87A-BABD-4CED-998E-768060E2C6E8} = {B584F5E5-50F2-45C5-9F70-26992D3A21D1}
		{CFB55BD0-9144-46B7-91E8-A2FBADD2A463} = {E6C2A498-DB25-491C-8452-64E9FCB4C1F0}
		{9DDD5342-5F3F-49E5-8027-F60CBF161262} = {E6C2A498-DB25-491C-8452-64E9FCB4C1F0}
		{60AD4EC9-878E-4A4B-B6A2-79296D7A64EF} = {E6C2A498-DB25-491C-8452-64E9FCB4C1F0}
	EndGlobalSection
	GlobalSection(ExtensibilityGlobals) = postSolution
		SolutionGuid = {CE24B762-A2B5-4CCF-A861-5F9646507D33}
	EndGlobalSection
EndGlobal
